
Microsoft Visual Studio Solution File, Format Version 12.00
# Visual Studio Version 17
VisualStudioVersion = 17.7.34202.233
MinimumVisualStudioVersion = 10.0.40219.1
Project("{FAE04EC0-301F-11D3-BF4B-00C04F79EFBC}") = "Psyche", "Psyche\Psyche.csproj", "{455F2FCA-A185-491A-B3E0-7B8B4E161836}"
EndProject
Global
	GlobalSection(SolutionConfigurationPlatforms) = preSolution
		Debug|Any CPU = Debug|Any CPU
		Release|Any CPU = Release|Any CPU
	EndGlobalSection
	GlobalSection(ProjectConfigurationPlatforms) = postSolution
		{455F2FCA-A185-491A-B3E0-7B8B4E161836}.Debug|Any CPU.ActiveCfg = Debug|Any CPU
		{455F2FCA-A185-491A-B3E0-7B8B4E161836}.Debug|Any CPU.Build.0 = Debug|Any CPU
		{455F2FCA-A185-491A-B3E0-7B8B4E161836}.Release|Any CPU.ActiveCfg = Release|Any CPU
		{455F2FCA-A185-491A-B3E0-7B8B4E161836}.Release|Any CPU.Build.0 = Release|Any CPU
	EndGlobalSection
	GlobalSection(SolutionProperties) = preSolution
		HideSolutionNode = FALSE
	EndGlobalSection
	GlobalSection(ExtensibilityGlobals) = postSolution
		SolutionGuid = {73FE7D0A-2E8E-4EB2-8EE8-C138C428EAC4}
	EndGlobalSection
EndGlobal
